
Microsoft Visual Studio Solution File, Format Version 12.00
# Visual Studio Version 16
VisualStudioVersion = 16.0.29418.71
MinimumVisualStudioVersion = 10.0.40219.1
Project("{FAE04EC0-301F-11D3-BF4B-00C04F79EFBC}") = "UOSteam", "Steam\UOSteam.csproj", "{569EABF7-8980-4A3B-BF3A-6321C4B1DA78}"
EndProject
Project("{FAE04EC0-301F-11D3-BF4B-00C04F79EFBC}") = "Tester", "Tester\Tester.csproj", "{A78CC761-AECE-428D-98C6-E3AFD74A4820}"
EndProject
Global
	GlobalSection(SolutionConfigurationPlatforms) = preSolution
		Debug|Any CPU = Debug|Any CPU
		Release|Any CPU = Release|Any CPU
	EndGlobalSection
	GlobalSection(ProjectConfigurationPlatforms) = postSolution
		{569EABF7-8980-4A3B-BF3A-6321C4B1DA78}.Debug|Any CPU.ActiveCfg = Debug|Any CPU
		{569EABF7-8980-4A3B-BF3A-6321C4B1DA78}.Debug|Any CPU.Build.0 = Debug|Any CPU
		{569EABF7-8980-4A3B-BF3A-6321C4B1DA78}.Release|Any CPU.ActiveCfg = Release|Any CPU
		{569EABF7-8980-4A3B-BF3A-6321C4B1DA78}.Release|Any CPU.Build.0 = Release|Any CPU
		{A78CC761-AECE-428D-98C6-E3AFD74A4820}.Debug|Any CPU.ActiveCfg = Debug|Any CPU
		{A78CC761-AECE-428D-98C6-E3AFD74A4820}.Debug|Any CPU.Build.0 = Debug|Any CPU
		{A78CC761-AECE-428D-98C6-E3AFD74A4820}.Release|Any CPU.ActiveCfg = Release|Any CPU
		{A78CC761-AECE-428D-98C6-E3AFD74A4820}.Release|Any CPU.Build.0 = Release|Any CPU
	EndGlobalSection
	GlobalSection(SolutionProperties) = preSolution
		HideSolutionNode = FALSE
	EndGlobalSection
	GlobalSection(ExtensibilityGlobals) = postSolution
		SolutionGuid = {2DBF42EF-0E6F-4D1A-8DA9-F52EDDDC836F}
	EndGlobalSection
EndGlobal
